// !$*UTF8*$!
{
	archiveVersion = 1;
	classes = {
	};
	objectVersion = 46;
	objects = {

/* Begin PBXBuildFile section */
		E1A0F2E71DE825F400642AB0 /* main.m in Sources */ = {isa = PBXBuildFile; fileRef = E1A0F2E61DE825F400642AB0 /* main.m */; };
		E1A0F2EA1DE825F400642AB0 /* AppDelegate.m in Sources */ = {isa = PBXBuildFile; fileRef = E1A0F2E91DE825F400642AB0 /* AppDelegate.m */; };
		E1A0F2ED1DE825F400642AB0 /* ViewController.m in Sources */ = {isa = PBXBuildFile; fileRef = E1A0F2EC1DE825F400642AB0 /* ViewController.m */; };
		E1A0F2F01DE825F400642AB0 /* Main.storyboard in Resources */ = {isa = PBXBuildFile; fileRef = E1A0F2EE1DE825F400642AB0 /* Main.storyboard */; };
		E1A0F2F31DE825F400642AB0 /* CurrentWeather.xcdatamodeld in Sources */ = {isa = PBXBuildFile; fileRef = E1A0F2F11DE825F400642AB0 /* CurrentWeather.xcdatamodeld */; };
		E1A0F2F51DE825F400642AB0 /* Assets.xcassets in Resources */ = {isa = PBXBuildFile; fileRef = E1A0F2F41DE825F400642AB0 /* Assets.xcassets */; };
		E1A0F2F81DE825F400642AB0 /* LaunchScreen.storyboard in Resources */ = {isa = PBXBuildFile; fileRef = E1A0F2F61DE825F400642AB0 /* LaunchScreen.storyboard */; };
/* End PBXBuildFile section */

/* Begin PBXFileReference section */
		E1A0F2E21DE825F400642AB0 /* CurrentWeather.app */ = {isa = PBXFileReference; explicitFileType = wrapper.application; includeInIndex = 0; path = CurrentWeather.app; sourceTree = BUILT_PRODUCTS_DIR; };
		E1A0F2E61DE825F400642AB0 /* main.m */ = {isa = PBXFileReference; lastKnownFileType = sourcecode.c.objc; path = main.m; sourceTree = "<group>"; };
		E1A0F2E81DE825F400642AB0 /* AppDelegate.h */ = {isa = PBXFileReference; lastKnownFileType = sourcecode.c.h; path = AppDelegate.h; sourceTree = "<group>"; };
		E1A0F2E91DE825F400642AB0 /* AppDelegate.m */ = {isa = PBXFileReference; lastKnownFileType = sourcecode.c.objc; path = AppDelegate.m; sourceTree = "<group>"; };
		E1A0F2EB1DE825F400642AB0 /* ViewController.h */ = {isa = PBXFileReference; lastKnownFileType = sourcecode.c.h; path = ViewController.h; sourceTree = "<group>"; };
		E1A0F2EC1DE825F400642AB0 /* ViewController.m */ = {isa = PBXFileReference; lastKnownFileType = sourcecode.c.objc; path = ViewController.m; sourceTree = "<group>"; };
		E1A0F2EF1DE825F400642AB0 /* Base */ = {isa = PBXFileReference; lastKnownFileType = file.storyboard; name = Base; path = Base.lproj/Main.storyboard; sourceTree = "<group>"; };
		E1A0F2F21DE825F400642AB0 /* CurrentWeather.xcdatamodel */ = {isa = PBXFileReference; lastKnownFileType = wrapper.xcdatamodel; path = CurrentWeather.xcdatamodel; sourceTree = "<group>"; };
		E1A0F2F41DE825F400642AB0 /* Assets.xcassets */ = {isa = PBXFileReference; lastKnownFileType = folder.assetcatalog; path = Assets.xcassets; sourceTree = "<group>"; };
		E1A0F2F71DE825F400642AB0 /* Base */ = {isa = PBXFileReference; lastKnownFileType = file.storyboard; name = Base; path = Base.lproj/LaunchScreen.storyboard; sourceTree = "<group>"; };
		E1A0F2F91DE825F400642AB0 /* Info.plist */ = {isa = PBXFileReference; lastKnownFileType = text.plist.xml; path = Info.plist; sourceTree = "<group>"; };
/* End PBXFileReference section */

/* Begin PBXFrameworksBuildPhase section */
		E1A0F2DF1DE825F400642AB0 /* Frameworks */ = {
			isa = PBXFrameworksBuildPhase;
			buildActionMask = 2147483647;
			files = (
			);
			runOnlyForDeploymentPostprocessing = 0;
		};
/* End PBXFrameworksBuildPhase section */

/* Begin PBXGroup section */
		E1A0F2D91DE825F400642AB0 = {
			isa = PBXGroup;
			children = (
				E1A0F2E41DE825F400642AB0 /* CurrentWeather */,
				E1A0F2E31DE825F400642AB0 /* Products */,
			);
			sourceTree = "<group>";
		};
		E1A0F2E31DE825F400642AB0 /* Products */ = {
			isa = PBXGroup;
			children = (
				E1A0F2E21DE825F400642AB0 /* CurrentWeather.app */,
			);
			name = Products;
			sourceTree = "<group>";
		};
		E1A0F2E41DE825F400642AB0 /* CurrentWeather */ = {
			isa = PBXGroup;
			children = (
				E1A0F2E81DE825F400642AB0 /* AppDelegate.h */,
				E1A0F2E91DE825F400642AB0 /* AppDelegate.m */,
				E1A0F2EB1DE825F400642AB0 /* ViewController.h */,
				E1A0F2EC1DE825F400642AB0 /* ViewController.m */,
				E1A0F2EE1DE825F400642AB0 /* Main.storyboard */,
				E1A0F2F41DE825F400642AB0 /* Assets.xcassets */,
				E1A0F2F61DE825F400642AB0 /* LaunchScreen.storyboard */,
				E1A0F2F91DE825F400642AB0 /* Info.plist */,
				E1A0F2F11DE825F400642AB0 /* CurrentWeather.xcdatamodeld */,
				E1A0F2E51DE825F400642AB0 /* Supporting Files */,
			);
			path = CurrentWeather;
			sourceTree = "<group>";
		};
		E1A0F2E51DE825F400642AB0 /* Supporting Files */ = {
			isa = PBXGroup;
			children = (
				E1A0F2E61DE825F400642AB0 /* main.m */,
			);
			name = "Supporting Files";
			sourceTree = "<group>";
		};
/* End PBXGroup section */

/* Begin PBXNativeTarget section */
		E1A0F2E11DE825F400642AB0 /* CurrentWeather */ = {
			isa = PBXNativeTarget;
			buildConfigurationList = E1A0F2FC1DE825F400642AB0 /* Build configuration list for PBXNativeTarget "CurrentWeather" */;
			buildPhases = (
				E1A0F2DE1DE825F400642AB0 /* Sources */,
				E1A0F2DF1DE825F400642AB0 /* Frameworks */,
				E1A0F2E01DE825F400642AB0 /* Resources */,
			);
			buildRules = (
			);
			dependencies = (
			);
			name = CurrentWeather;
			productName = CurrentWeather;
			productReference = E1A0F2E21DE825F400642AB0 /* CurrentWeather.app */;
			productType = "com.apple.product-type.application";
		};
/* End PBXNativeTarget section */

/* Begin PBXProject section */
		E1A0F2DA1DE825F400642AB0 /* Project object */ = {
			isa = PBXProject;
			attributes = {
				LastUpgradeCheck = 0800;
				ORGANIZATIONNAME = Ekaterina;
				TargetAttributes = {
					E1A0F2E11DE825F400642AB0 = {
						CreatedOnToolsVersion = 8.0;
						DevelopmentTeam = SEUUY5JL47;
						ProvisioningStyle = Automatic;
					};
				};
			};
			buildConfigurationList = E1A0F2DD1DE825F400642AB0 /* Build configuration list for PBXProject "CurrentWeather" */;
			compatibilityVersion = "Xcode 3.2";
			developmentRegion = English;
			hasScannedForEncodings = 0;
			knownRegions = (
				en,
				Base,
			);
			mainGroup = E1A0F2D91DE825F400642AB0;
			productRefGroup = E1A0F2E31DE825F400642AB0 /* Products */;
			projectDirPath = "";
			projectRoot = "";
			targets = (
				E1A0F2E11DE825F400642AB0 /* CurrentWeather */,
			);
		};
/* End PBXProject section */

/* Begin PBXResourcesBuildPhase section */
		E1A0F2E01DE825F400642AB0 /* Resources */ = {
			isa = PBXResourcesBuildPhase;
			buildActionMask = 2147483647;
			files = (
				E1A0F2F81DE825F400642AB0 /* LaunchScreen.storyboard in Resources */,
				E1A0F2F51DE825F400642AB0 /* Assets.xcassets in Resources */,
				E1A0F2F01DE825F400642AB0 /* Main.storyboard in Resources */,
			);
			runOnlyForDeploymentPostprocessing = 0;
		};
/* End PBXResourcesBuildPhase section */

/* Begin PBXSourcesBuildPhase section */
		E1A0F2DE1DE825F400642AB0 /* Sources */ = {
			isa = PBXSourcesBuildPhase;
			buildActionMask = 2147483647;
			files = (
				E1A0F2ED1DE825F400642AB0 /* ViewController.m in Sources */,
				E1A0F2EA1DE825F400642AB0 /* AppDelegate.m in Sources */,
				E1A0F2F31DE825F400642AB0 /* CurrentWeather.xcdatamodeld in Sources */,
				E1A0F2E71DE825F400642AB0 /* main.m in Sources */,
			);
			runOnlyForDeploymentPostprocessing = 0;
		};
/* End PBXSourcesBuildPhase section */

/* Begin PBXVariantGroup section */
		E1A0F2EE1DE825F400642AB0 /* Main.storyboard */ = {
			isa = PBXVariantGroup;
			children = (
				E1A0F2EF1DE825F400642AB0 /* Base */,
			);
			name = Main.storyboard;
			sourceTree = "<group>";
		};
		E1A0F2F61DE825F400642AB0 /* LaunchScreen.storyboard */ = {
			isa = PBXVariantGroup;
			children = (
				E1A0F2F71DE825F400642AB0 /* Base */,
			);
			name = LaunchScreen.storyboard;
			sourceTree = "<group>";
		};
/* End PBXVariantGroup section */

/* Begin XCBuildConfiguration section */
		E1A0F2FA1DE825F400642AB0 /* Debug */ = {
			isa = XCBuildConfiguration;
			buildSettings = {
				ALWAYS_SEARCH_USER_PATHS = NO;
				CLANG_ANALYZER_NONNULL = YES;
				CLANG_CXX_LANGUAGE_STANDARD = "gnu++0x";
				CLANG_CXX_LIBRARY = "libc++";
				CLANG_ENABLE_MODULES = YES;
				CLANG_ENABLE_OBJC_ARC = YES;
				CLANG_WARN_BOOL_CONVERSION = YES;
				CLANG_WARN_CONSTANT_CONVERSION = YES;
				CLANG_WARN_DIRECT_OBJC_ISA_USAGE = YES_ERROR;
				CLANG_WARN_DOCUMENTATION_COMMENTS = YES;
				CLANG_WARN_EMPTY_BODY = YES;
				CLANG_WARN_ENUM_CONVERSION = YES;
				CLANG_WARN_INFINITE_RECURSION = YES;
				CLANG_WARN_INT_CONVERSION = YES;
				CLANG_WARN_OBJC_ROOT_CLASS = YES_ERROR;
				CLANG_WARN_SUSPICIOUS_MOVES = YES;
				CLANG_WARN_UNREACHABLE_CODE = YES;
				CLANG_WARN__DUPLICATE_METHOD_MATCH = YES;
				"CODE_SIGN_IDENTITY[sdk=iphoneos*]" = "iPhone Developer";
				COPY_PHASE_STRIP = NO;
				DEBUG_INFORMATION_FORMAT = dwarf;
				ENABLE_STRICT_OBJC_MSGSEND = YES;
				ENABLE_TESTABILITY = YES;
				GCC_C_LANGUAGE_STANDARD = gnu99;
				GCC_DYNAMIC_NO_PIC = NO;
				GCC_NO_COMMON_BLOCKS = YES;
				GCC_OPTIMIZATION_LEVEL = 0;
				GCC_PREPROCESSOR_DEFINITIONS = (
					"DEBUG=1",
					"$(inherited)",
				);
				GCC_WARN_64_TO_32_BIT_CONVERSION = YES;
				GCC_WARN_ABOUT_RETURN_TYPE = YES_ERROR;
				GCC_WARN_UNDECLARED_SELECTOR = YES;
				GCC_WARN_UNINITIALIZED_AUTOS = YES_AGGRESSIVE;
				GCC_WARN_UNUSED_FUNCTION = YES;
				GCC_WARN_UNUSED_VARIABLE = YES;
				IPHONEOS_DEPLOYMENT_TARGET = 10.0;
				MTL_ENABLE_DEBUG_INFO = YES;
				ONLY_ACTIVE_ARCH = YES;
				SDKROOT = iphoneos;
				TARGETED_DEVICE_FAMILY = "1,2";
			};
			name = Debug;
		};
		E1A0F2FB1DE825F400642AB0 /* Release */ = {
			isa = XCBuildConfiguration;
			buildSettings = {
				ALWAYS_SEARCH_USER_PATHS = NO;
				CLANG_ANALYZER_NONNULL = YES;
				CLANG_CXX_LANGUAGE_STANDARD = "gnu++0x";
				CLANG_CXX_LIBRARY = "libc++";
				CLANG_ENABLE_MODULES = YES;
				CLANG_ENABLE_OBJC_ARC = YES;
				CLANG_WARN_BOOL_CONVERSION = YES;
				CLANG_WARN_CONSTANT_CONVERSION = YES;
				CLANG_WARN_DIRECT_OBJC_ISA_USAGE = YES_ERROR;
				CLANG_WARN_DOCUMENTATION_COMMENTS = YES;
				CLANG_WARN_EMPTY_BODY = YES;
				CLANG_WARN_ENUM_CONVERSION = YES;
				CLANG_WARN_INFINITE_RECURSION = YES;
				CLANG_WARN_INT_CONVERSION = YES;
				CLANG_WARN_OBJC_ROOT_CLASS = YES_ERROR;
				CLANG_WARN_SUSPICIOUS_MOVES = YES;
				CLANG_WARN_UNREACHABLE_CODE = YES;
				CLANG_WARN__DUPLICATE_METHOD_MATCH = YES;
				"CODE_SIGN_IDENTITY[sdk=iphoneos*]" = "iPhone Developer";
				COPY_PHASE_STRIP = NO;
				DEBUG_INFORMATION_FORMAT = "dwarf-with-dsym";
				ENABLE_NS_ASSERTIONS = NO;
				ENABLE_STRICT_OBJC_MSGSEND = YES;
				GCC_C_LANGUAGE_STANDARD = gnu99;
				GCC_NO_COMMON_BLOCKS = YES;
				GCC_WARN_64_TO_32_BIT_CONVERSION = YES;
				GCC_WARN_ABOUT_RETURN_TYPE = YES_ERROR;
				GCC_WARN_UNDECLARED_SELECTOR = YES;
				GCC_WARN_UNINITIALIZED_AUTOS = YES_AGGRESSIVE;
				GCC_WARN_UNUSED_FUNCTION = YES;
				GCC_WARN_UNUSED_VARIABLE = YES;
				IPHONEOS_DEPLOYMENT_TARGET = 10.0;
				MTL_ENABLE_DEBUG_INFO = NO;
				SDKROOT = iphoneos;
				TARGETED_DEVICE_FAMILY = "1,2";
				VALIDATE_PRODUCT = YES;
			};
			name = Release;
		};
		E1A0F2FD1DE825F400642AB0 /* Debug */ = {
			isa = XCBuildConfiguration;
			buildSettings = {
				ASSETCATALOG_COMPILER_APPICON_NAME = AppIcon;
				DEVELOPMENT_TEAM = SEUUY5JL47;
				INFOPLIST_FILE = CurrentWeather/Info.plist;
				LD_RUNPATH_SEARCH_PATHS = "$(inherited) @executable_path/Frameworks";
				PRODUCT_BUNDLE_IDENTIFIER = com.TestApp.CurrentWeather;
				PRODUCT_NAME = "$(TARGET_NAME)";
			};
			name = Debug;
		};
		E1A0F2FE1DE825F400642AB0 /* Release */ = {
			isa = XCBuildConfiguration;
			buildSettings = {
				ASSETCATALOG_COMPILER_APPICON_NAME = AppIcon;
				DEVELOPMENT_TEAM = SEUUY5JL47;
				INFOPLIST_FILE = CurrentWeather/Info.plist;
				LD_RUNPATH_SEARCH_PATHS = "$(inherited) @executable_path/Frameworks";
				PRODUCT_BUNDLE_IDENTIFIER = com.TestApp.CurrentWeather;
				PRODUCT_NAME = "$(TARGET_NAME)";
			};
			name = Release;
		};
/* End XCBuildConfiguration section */

/* Begin XCConfigurationList section */
		E1A0F2DD1DE825F400642AB0 /* Build configuration list for PBXProject "CurrentWeather" */ = {
			isa = XCConfigurationList;
			buildConfigurations = (
				E1A0F2FA1DE825F400642AB0 /* Debug */,
				E1A0F2FB1DE825F400642AB0 /* Release */,
			);
			defaultConfigurationIsVisible = 0;
			defaultConfigurationName = Release;
		};
		E1A0F2FC1DE825F400642AB0 /* Build configuration list for PBXNativeTarget "CurrentWeather" */ = {
			isa = XCConfigurationList;
			buildConfigurations = (
				E1A0F2FD1DE825F400642AB0 /* Debug */,
				E1A0F2FE1DE825F400642AB0 /* Release */,
			);
			defaultConfigurationIsVisible = 0;
		};
/* End XCConfigurationList section */

/* Begin XCVersionGroup section */
		E1A0F2F11DE825F400642AB0 /* CurrentWeather.xcdatamodeld */ = {
			isa = XCVersionGroup;
			children = (
				E1A0F2F21DE825F400642AB0 /* CurrentWeather.xcdatamodel */,
			);
			currentVersion = E1A0F2F21DE825F400642AB0 /* CurrentWeather.xcdatamodel */;
			path = CurrentWeather.xcdatamodeld;
			sourceTree = "<group>";
			versionGroupType = wrapper.xcdatamodel;
		};
/* End XCVersionGroup section */
	};
	rootObject = E1A0F2DA1DE825F400642AB0 /* Project object */;
}
